
Microsoft Visual Studio Solution File, Format Version 12.00
# Visual Studio Version 16
VisualStudioVersion = 16.0.30104.148
MinimumVisualStudioVersion = 10.0.40219.1
Project("{FAE04EC0-301F-11D3-BF4B-00C04F79EFBC}") = "EqualSumsAnd", "EqualSumsAnd\EqualSumsAnd.csproj", "{D0BBEC70-CDE6-4C13-B3D5-A69F417E52AD}"
EndProject
Global
	GlobalSection(SolutionConfigurationPlatforms) = preSolution
		Debug|Any CPU = Debug|Any CPU
		Release|Any CPU = Release|Any CPU
	EndGlobalSection
	GlobalSection(ProjectConfigurationPlatforms) = postSolution
		{D0BBEC70-CDE6-4C13-B3D5-A69F417E52AD}.Debug|Any CPU.ActiveCfg = Debug|Any CPU
		{D0BBEC70-CDE6-4C13-B3D5-A69F417E52AD}.Debug|Any CPU.Build.0 = Debug|Any CPU
		{D0BBEC70-CDE6-4C13-B3D5-A69F417E52AD}.Release|Any CPU.ActiveCfg = Release|Any CPU
		{D0BBEC70-CDE6-4C13-B3D5-A69F417E52AD}.Release|Any CPU.Build.0 = Release|Any CPU
	EndGlobalSection
	GlobalSection(SolutionProperties) = preSolution
		HideSolutionNode = FALSE
	EndGlobalSection
	GlobalSection(ExtensibilityGlobals) = postSolution
		SolutionGuid = {F39D0755-1644-4EBB-B4A8-D91AE5C2CF77}
	EndGlobalSection
EndGlobal
